// !$*UTF8*$!
{
	archiveVersion = 1;
	classes = {
	};
	objectVersion = 50;
	objects = {

/* Begin PBXBuildFile section */
		3EBAD65C2239177A003A0E3A /* AppDelegate.swift in Sources */ = {isa = PBXBuildFile; fileRef = 3EBAD65B2239177A003A0E3A /* AppDelegate.swift */; };
		3EBAD65E2239177A003A0E3A /* ViewController.swift in Sources */ = {isa = PBXBuildFile; fileRef = 3EBAD65D2239177A003A0E3A /* ViewController.swift */; };
		3EBAD6602239177E003A0E3A /* Assets.xcassets in Resources */ = {isa = PBXBuildFile; fileRef = 3EBAD65F2239177E003A0E3A /* Assets.xcassets */; };
		3EBAD6632239177E003A0E3A /* Main.storyboard in Resources */ = {isa = PBXBuildFile; fileRef = 3EBAD6612239177E003A0E3A /* Main.storyboard */; };
		3EBAD66C223917C4003A0E3A /* Ray.swift in Sources */ = {isa = PBXBuildFile; fileRef = 3EBAD66B223917C4003A0E3A /* Ray.swift */; };
		3EBAD66E2239199C003A0E3A /* Vector.swift in Sources */ = {isa = PBXBuildFile; fileRef = 3EBAD66D2239199C003A0E3A /* Vector.swift */; };
/* End PBXBuildFile section */

/* Begin PBXFileReference section */
		3EBAD6582239177A003A0E3A /* ray-trace-3D.app */ = {isa = PBXFileReference; explicitFileType = wrapper.application; includeInIndex = 0; path = "ray-trace-3D.app"; sourceTree = BUILT_PRODUCTS_DIR; };
		3EBAD65B2239177A003A0E3A /* AppDelegate.swift */ = {isa = PBXFileReference; lastKnownFileType = sourcecode.swift; path = AppDelegate.swift; sourceTree = "<group>"; };
		3EBAD65D2239177A003A0E3A /* ViewController.swift */ = {isa = PBXFileReference; lastKnownFileType = sourcecode.swift; path = ViewController.swift; sourceTree = "<group>"; };
		3EBAD65F2239177E003A0E3A /* Assets.xcassets */ = {isa = PBXFileReference; lastKnownFileType = folder.assetcatalog; path = Assets.xcassets; sourceTree = "<group>"; };
		3EBAD6622239177E003A0E3A /* Base */ = {isa = PBXFileReference; lastKnownFileType = file.storyboard; name = Base; path = Base.lproj/Main.storyboard; sourceTree = "<group>"; };
		3EBAD6642239177E003A0E3A /* Info.plist */ = {isa = PBXFileReference; lastKnownFileType = text.plist.xml; path = Info.plist; sourceTree = "<group>"; };
		3EBAD6652239177E003A0E3A /* ray_trace_3D.entitlements */ = {isa = PBXFileReference; lastKnownFileType = text.plist.entitlements; path = ray_trace_3D.entitlements; sourceTree = "<group>"; };
		3EBAD66B223917C4003A0E3A /* Ray.swift */ = {isa = PBXFileReference; lastKnownFileType = sourcecode.swift; path = Ray.swift; sourceTree = "<group>"; };
		3EBAD66D2239199C003A0E3A /* Vector.swift */ = {isa = PBXFileReference; lastKnownFileType = sourcecode.swift; path = Vector.swift; sourceTree = "<group>"; };
/* End PBXFileReference section */

/* Begin PBXFrameworksBuildPhase section */
		3EBAD6552239177A003A0E3A /* Frameworks */ = {
			isa = PBXFrameworksBuildPhase;
			buildActionMask = 2147483647;
			files = (
			);
			runOnlyForDeploymentPostprocessing = 0;
		};
/* End PBXFrameworksBuildPhase section */

/* Begin PBXGroup section */
		3EBAD64F2239177A003A0E3A = {
			isa = PBXGroup;
			children = (
				3EBAD65A2239177A003A0E3A /* ray-trace-3D */,
				3EBAD6592239177A003A0E3A /* Products */,
			);
			sourceTree = "<group>";
		};
		3EBAD6592239177A003A0E3A /* Products */ = {
			isa = PBXGroup;
			children = (
				3EBAD6582239177A003A0E3A /* ray-trace-3D.app */,
			);
			name = Products;
			sourceTree = "<group>";
		};
		3EBAD65A2239177A003A0E3A /* ray-trace-3D */ = {
			isa = PBXGroup;
			children = (
				3EBAD65B2239177A003A0E3A /* AppDelegate.swift */,
				3EBAD65D2239177A003A0E3A /* ViewController.swift */,
				3EBAD65F2239177E003A0E3A /* Assets.xcassets */,
				3EBAD6612239177E003A0E3A /* Main.storyboard */,
				3EBAD6642239177E003A0E3A /* Info.plist */,
				3EBAD6652239177E003A0E3A /* ray_trace_3D.entitlements */,
				3EBAD66B223917C4003A0E3A /* Ray.swift */,
				3EBAD66D2239199C003A0E3A /* Vector.swift */,
			);
			path = "ray-trace-3D";
			sourceTree = "<group>";
		};
/* End PBXGroup section */

/* Begin PBXNativeTarget section */
		3EBAD6572239177A003A0E3A /* ray-trace-3D */ = {
			isa = PBXNativeTarget;
			buildConfigurationList = 3EBAD6682239177E003A0E3A /* Build configuration list for PBXNativeTarget "ray-trace-3D" */;
			buildPhases = (
				3EBAD6542239177A003A0E3A /* Sources */,
				3EBAD6552239177A003A0E3A /* Frameworks */,
				3EBAD6562239177A003A0E3A /* Resources */,
			);
			buildRules = (
			);
			dependencies = (
			);
			name = "ray-trace-3D";
			productName = "ray-trace-3D";
			productReference = 3EBAD6582239177A003A0E3A /* ray-trace-3D.app */;
			productType = "com.apple.product-type.application";
		};
/* End PBXNativeTarget section */

/* Begin PBXProject section */
		3EBAD6502239177A003A0E3A /* Project object */ = {
			isa = PBXProject;
			attributes = {
				LastSwiftUpdateCheck = 1010;
				LastUpgradeCheck = 1010;
				ORGANIZATIONNAME = "Luisa Santo";
				TargetAttributes = {
					3EBAD6572239177A003A0E3A = {
						CreatedOnToolsVersion = 10.1;
					};
				};
			};
			buildConfigurationList = 3EBAD6532239177A003A0E3A /* Build configuration list for PBXProject "ray-trace-3D" */;
			compatibilityVersion = "Xcode 9.3";
			developmentRegion = en;
			hasScannedForEncodings = 0;
			knownRegions = (
				en,
				Base,
			);
			mainGroup = 3EBAD64F2239177A003A0E3A;
			productRefGroup = 3EBAD6592239177A003A0E3A /* Products */;
			projectDirPath = "";
			projectRoot = "";
			targets = (
				3EBAD6572239177A003A0E3A /* ray-trace-3D */,
			);
		};
/* End PBXProject section */

/* Begin PBXResourcesBuildPhase section */
		3EBAD6562239177A003A0E3A /* Resources */ = {
			isa = PBXResourcesBuildPhase;
			buildActionMask = 2147483647;
			files = (
				3EBAD6602239177E003A0E3A /* Assets.xcassets in Resources */,
				3EBAD6632239177E003A0E3A /* Main.storyboard in Resources */,
			);
			runOnlyForDeploymentPostprocessing = 0;
		};
/* End PBXResourcesBuildPhase section */

/* Begin PBXSourcesBuildPhase section */
		3EBAD6542239177A003A0E3A /* Sources */ = {
			isa = PBXSourcesBuildPhase;
			buildActionMask = 2147483647;
			files = (
				3EBAD65E2239177A003A0E3A /* ViewController.swift in Sources */,
				3EBAD65C2239177A003A0E3A /* AppDelegate.swift in Sources */,
				3EBAD66E2239199C003A0E3A /* Vector.swift in Sources */,
				3EBAD66C223917C4003A0E3A /* Ray.swift in Sources */,
			);
			runOnlyForDeploymentPostprocessing = 0;
		};
/* End PBXSourcesBuildPhase section */

/* Begin PBXVariantGroup section */
		3EBAD6612239177E003A0E3A /* Main.storyboard */ = {
			isa = PBXVariantGroup;
			children = (
				3EBAD6622239177E003A0E3A /* Base */,
			);
			name = Main.storyboard;
			sourceTree = "<group>";
		};
/* End PBXVariantGroup section */

/* Begin XCBuildConfiguration section */
		3EBAD6662239177E003A0E3A /* Debug */ = {
			isa = XCBuildConfiguration;
			buildSettings = {
				ALWAYS_SEARCH_USER_PATHS = NO;
				CLANG_ANALYZER_NONNULL = YES;
				CLANG_ANALYZER_NUMBER_OBJECT_CONVERSION = YES_AGGRESSIVE;
				CLANG_CXX_LANGUAGE_STANDARD = "gnu++14";
				CLANG_CXX_LIBRARY = "libc++";
				CLANG_ENABLE_MODULES = YES;
				CLANG_ENABLE_OBJC_ARC = YES;
				CLANG_ENABLE_OBJC_WEAK = YES;
				CLANG_WARN_BLOCK_CAPTURE_AUTORELEASING = YES;
				CLANG_WARN_BOOL_CONVERSION = YES;
				CLANG_WARN_COMMA = YES;
				CLANG_WARN_CONSTANT_CONVERSION = YES;
				CLANG_WARN_DEPRECATED_OBJC_IMPLEMENTATIONS = YES;
				CLANG_WARN_DIRECT_OBJC_ISA_USAGE = YES_ERROR;
				CLANG_WARN_DOCUMENTATION_COMMENTS = YES;
				CLANG_WARN_EMPTY_BODY = YES;
				CLANG_WARN_ENUM_CONVERSION = YES;
				CLANG_WARN_INFINITE_RECURSION = YES;
				CLANG_WARN_INT_CONVERSION = YES;
				CLANG_WARN_NON_LITERAL_NULL_CONVERSION = YES;
				CLANG_WARN_OBJC_IMPLICIT_RETAIN_SELF = YES;
				CLANG_WARN_OBJC_LITERAL_CONVERSION = YES;
				CLANG_WARN_OBJC_ROOT_CLASS = YES_ERROR;
				CLANG_WARN_RANGE_LOOP_ANALYSIS = YES;
				CLANG_WARN_STRICT_PROTOTYPES = YES;
				CLANG_WARN_SUSPICIOUS_MOVE = YES;
				CLANG_WARN_UNGUARDED_AVAILABILITY = YES_AGGRESSIVE;
				CLANG_WARN_UNREACHABLE_CODE = YES;
				CLANG_WARN__DUPLICATE_METHOD_MATCH = YES;
				CODE_SIGN_IDENTITY = "Mac Developer";
				COPY_PHASE_STRIP = NO;
				DEBUG_INFORMATION_FORMAT = dwarf;
				ENABLE_STRICT_OBJC_MSGSEND = YES;
				ENABLE_TESTABILITY = YES;
				GCC_C_LANGUAGE_STANDARD = gnu11;
				GCC_DYNAMIC_NO_PIC = NO;
				GCC_NO_COMMON_BLOCKS = YES;
				GCC_OPTIMIZATION_LEVEL = 0;
				GCC_PREPROCESSOR_DEFINITIONS = (
					"DEBUG=1",
					"$(inherited)",
				);
				GCC_WARN_64_TO_32_BIT_CONVERSION = YES;
				GCC_WARN_ABOUT_RETURN_TYPE = YES_ERROR;
				GCC_WARN_UNDECLARED_SELECTOR = YES;
				GCC_WARN_UNINITIALIZED_AUTOS = YES_AGGRESSIVE;
				GCC_WARN_UNUSED_FUNCTION = YES;
				GCC_WARN_UNUSED_VARIABLE = YES;
				MACOSX_DEPLOYMENT_TARGET = 10.14;
				MTL_ENABLE_DEBUG_INFO = INCLUDE_SOURCE;
				MTL_FAST_MATH = YES;
				ONLY_ACTIVE_ARCH = YES;
				SDKROOT = macosx;
				SWIFT_ACTIVE_COMPILATION_CONDITIONS = DEBUG;
				SWIFT_OPTIMIZATION_LEVEL = "-Onone";
			};
			name = Debug;
		};
		3EBAD6672239177E003A0E3A /* Release */ = {
			isa = XCBuildConfiguration;
			buildSettings = {
				ALWAYS_SEARCH_USER_PATHS = NO;
				CLANG_ANALYZER_NONNULL = YES;
				CLANG_ANALYZER_NUMBER_OBJECT_CONVERSION = YES_AGGRESSIVE;
				CLANG_CXX_LANGUAGE_STANDARD = "gnu++14";
				CLANG_CXX_LIBRARY = "libc++";
				CLANG_ENABLE_MODULES = YES;
				CLANG_ENABLE_OBJC_ARC = YES;
				CLANG_ENABLE_OBJC_WEAK = YES;
				CLANG_WARN_BLOCK_CAPTURE_AUTORELEASING = YES;
				CLANG_WARN_BOOL_CONVERSION = YES;
				CLANG_WARN_COMMA = YES;
				CLANG_WARN_CONSTANT_CONVERSION = YES;
				CLANG_WARN_DEPRECATED_OBJC_IMPLEMENTATIONS = YES;
				CLANG_WARN_DIRECT_OBJC_ISA_USAGE = YES_ERROR;
				CLANG_WARN_DOCUMENTATION_COMMENTS = YES;
				CLANG_WARN_EMPTY_BODY = YES;
				CLANG_WARN_ENUM_CONVERSION = YES;
				CLANG_WARN_INFINITE_RECURSION = YES;
				CLANG_WARN_INT_CONVERSION = YES;
				CLANG_WARN_NON_LITERAL_NULL_CONVERSION = YES;
				CLANG_WARN_OBJC_IMPLICIT_RETAIN_SELF = YES;
				CLANG_WARN_OBJC_LITERAL_CONVERSION = YES;
				CLANG_WARN_OBJC_ROOT_CLASS = YES_ERROR;
				CLANG_WARN_RANGE_LOOP_ANALYSIS = YES;
				CLANG_WARN_STRICT_PROTOTYPES = YES;
				CLANG_WARN_SUSPICIOUS_MOVE = YES;
				CLANG_WARN_UNGUARDED_AVAILABILITY = YES_AGGRESSIVE;
				CLANG_WARN_UNREACHABLE_CODE = YES;
				CLANG_WARN__DUPLICATE_METHOD_MATCH = YES;
				CODE_SIGN_IDENTITY = "Mac Developer";
				COPY_PHASE_STRIP = NO;
				DEBUG_INFORMATION_FORMAT = "dwarf-with-dsym";
				ENABLE_NS_ASSERTIONS = NO;
				ENABLE_STRICT_OBJC_MSGSEND = YES;
				GCC_C_LANGUAGE_STANDARD = gnu11;
				GCC_NO_COMMON_BLOCKS = YES;
				GCC_WARN_64_TO_32_BIT_CONVERSION = YES;
				GCC_WARN_ABOUT_RETURN_TYPE = YES_ERROR;
				GCC_WARN_UNDECLARED_SELECTOR = YES;
				GCC_WARN_UNINITIALIZED_AUTOS = YES_AGGRESSIVE;
				GCC_WARN_UNUSED_FUNCTION = YES;
				GCC_WARN_UNUSED_VARIABLE = YES;
				MACOSX_DEPLOYMENT_TARGET = 10.14;
				MTL_ENABLE_DEBUG_INFO = NO;
				MTL_FAST_MATH = YES;
				SDKROOT = macosx;
				SWIFT_COMPILATION_MODE = wholemodule;
				SWIFT_OPTIMIZATION_LEVEL = "-O";
			};
			name = Release;
		};
		3EBAD6692239177E003A0E3A /* Debug */ = {
			isa = XCBuildConfiguration;
			buildSettings = {
				ASSETCATALOG_COMPILER_APPICON_NAME = AppIcon;
				CODE_SIGN_ENTITLEMENTS = "ray-trace-3D/ray_trace_3D.entitlements";
				CODE_SIGN_STYLE = Automatic;
				COMBINE_HIDPI_IMAGES = YES;
				DEVELOPMENT_TEAM = RFHSX882CC;
				INFOPLIST_FILE = "ray-trace-3D/Info.plist";
				LD_RUNPATH_SEARCH_PATHS = (
					"$(inherited)",
					"@executable_path/../Frameworks",
				);
				PRODUCT_BUNDLE_IDENTIFIER = "io.luisasanto.ray-trace-3D";
				PRODUCT_NAME = "$(TARGET_NAME)";
				SWIFT_VERSION = 4.2;
			};
			name = Debug;
		};
		3EBAD66A2239177E003A0E3A /* Release */ = {
			isa = XCBuildConfiguration;
			buildSettings = {
				ASSETCATALOG_COMPILER_APPICON_NAME = AppIcon;
				CODE_SIGN_ENTITLEMENTS = "ray-trace-3D/ray_trace_3D.entitlements";
				CODE_SIGN_STYLE = Automatic;
				COMBINE_HIDPI_IMAGES = YES;
				DEVELOPMENT_TEAM = RFHSX882CC;
				INFOPLIST_FILE = "ray-trace-3D/Info.plist";
				LD_RUNPATH_SEARCH_PATHS = (
					"$(inherited)",
					"@executable_path/../Frameworks",
				);
				PRODUCT_BUNDLE_IDENTIFIER = "io.luisasanto.ray-trace-3D";
				PRODUCT_NAME = "$(TARGET_NAME)";
				SWIFT_VERSION = 4.2;
			};
			name = Release;
		};
/* End XCBuildConfiguration section */

/* Begin XCConfigurationList section */
		3EBAD6532239177A003A0E3A /* Build configuration list for PBXProject "ray-trace-3D" */ = {
			isa = XCConfigurationList;
			buildConfigurations = (
				3EBAD6662239177E003A0E3A /* Debug */,
				3EBAD6672239177E003A0E3A /* Release */,
			);
			defaultConfigurationIsVisible = 0;
			defaultConfigurationName = Release;
		};
		3EBAD6682239177E003A0E3A /* Build configuration list for PBXNativeTarget "ray-trace-3D" */ = {
			isa = XCConfigurationList;
			buildConfigurations = (
				3EBAD6692239177E003A0E3A /* Debug */,
				3EBAD66A2239177E003A0E3A /* Release */,
			);
			defaultConfigurationIsVisible = 0;
			defaultConfigurationName = Release;
		};
/* End XCConfigurationList section */
	};
	rootObject = 3EBAD6502239177A003A0E3A /* Project object */;
}
